<?xml version="1.0" encoding="utf-8"?>
<Project ToolsVersion="4.0" xmlns="http://schemas.microsoft.com/developer/msbuild/2003">
  <ItemGroup>
    <ClCompile Include="Thread\ThreadPool.cpp">
      <Filter>thread</Filter>
    </ClCompile>
    <ClCompile Include="utility\conversions.cpp">
      <Filter>utility</Filter>
    </ClCompile>
  </ItemGroup>
  <ItemGroup>
    <ClInclude Include="Thread\ThreadPool.h">
      <Filter>thread</Filter>
    </ClInclude>
    <ClInclude Include="Interface\ICloneable.h">
      <Filter>interfaces</Filter>
    </ClInclude>
    <ClInclude Include="Interface\ICRTP.h">
      <Filter>interfaces</Filter>
    </ClInclude>
    <ClInclude Include="Thread\IThreadPool.h">
      <Filter>thread</Filter>
    </ClInclude>
    <ClInclude Include="extensions\constraints.h">
      <Filter>extensions</Filter>
    </ClInclude>
    <ClInclude Include="extensions\extensions.h">
      <Filter>extensions</Filter>
    </ClInclude>
    <ClInclude Include="extensions\finally.h">
      <Filter>extensions</Filter>
    </ClInclude>
    <ClInclude Include="extensions\getter_setter.h">
      <Filter>extensions</Filter>
    </ClInclude>
    <ClInclude Include="extensions\lazy.h">
      <Filter>extensions</Filter>
    </ClInclude>
    <ClInclude Include="exception\exception.h">
      <Filter>exception</Filter>
    </ClInclude>
    <ClInclude Include="tracing\trace.h">
      <Filter>tracing</Filter>
    </ClInclude>
    <ClInclude Include="utility\conversions.h">
      <Filter>utility</Filter>
    </ClInclude>
    <ClInclude Include="storage\resource_wrapper.h">
      <Filter>storage</Filter>
    </ClInclude>
    <ClInclude Include="storage\parameter_pack.h">
      <Filter>storage</Filter>
    </ClInclude>
    <ClInclude Include="storage\heterogeneous_container.h">
      <Filter>storage</Filter>
    </ClInclude>
    <ClInclude Include="synchronization\atomic_concurrent.h">
      <Filter>synchronization</Filter>
    </ClInclude>
    <ClInclude Include="synchronization\signal.h">
      <Filter>synchronization</Filter>
    </ClInclude>
    <ClInclude Include="synchronization\concurrent.h">
      <Filter>synchronization</Filter>
    </ClInclude>
    <ClInclude Include="synchronization\wait_for_multiple_signals.h">
      <Filter>synchronization</Filter>
    </ClInclude>
  </ItemGroup>
  <ItemGroup>
    <Filter Include="extensions">
      <UniqueIdentifier>{c09bfaf6-95d3-4ee2-a44b-f00e9bc24467}</UniqueIdentifier>
    </Filter>
    <Filter Include="interfaces">
      <UniqueIdentifier>{b0478a21-ddee-4d8b-93a1-e2f0686d6e5d}</UniqueIdentifier>
    </Filter>
    <Filter Include="thread">
      <UniqueIdentifier>{923f8c59-8e66-4d38-bfb1-2a88a7762837}</UniqueIdentifier>
    </Filter>
    <Filter Include="exception">
      <UniqueIdentifier>{b2f4cc89-0787-4874-b559-da1a99dbfa4f}</UniqueIdentifier>
    </Filter>
    <Filter Include="tracing">
      <UniqueIdentifier>{c2891504-6c92-4a70-aa7e-a9ede000686f}</UniqueIdentifier>
    </Filter>
    <Filter Include="utility">
      <UniqueIdentifier>{13b50a72-94d8-4451-b6eb-65c061d12ed2}</UniqueIdentifier>
    </Filter>
    <Filter Include="storage">
      <UniqueIdentifier>{a9feeefe-c110-4ab8-be64-1ed60778efe4}</UniqueIdentifier>
    </Filter>
    <Filter Include="synchronization">
      <UniqueIdentifier>{453cea18-ecff-4211-94a0-9a68cbddcce0}</UniqueIdentifier>
    </Filter>
  </ItemGroup>
</Project>