<?xml version="1.0" encoding="utf-8"?>
<Project ToolsVersion="4.0" xmlns="http://schemas.microsoft.com/developer/msbuild/2003">
  <ItemGroup>
    <Filter Include="Common">
      <UniqueIdentifier>{93995380-89BD-4b04-88EB-625FBE52EBFB}</UniqueIdentifier>
      <Extensions>h;hh;hpp;hxx;hm;inl;inc;ipp;xsd</Extensions>
    </Filter>
    <Filter Include="exception">
      <UniqueIdentifier>{70603568-4c33-415f-a44d-f9d32489d6a2}</UniqueIdentifier>
    </Filter>
    <Filter Include="trace">
      <UniqueIdentifier>{a93d0fef-e9d4-448c-a12b-e4ce1bc489b6}</UniqueIdentifier>
    </Filter>
    <Filter Include="storage">
      <UniqueIdentifier>{9ed685e6-c959-4da9-a0ba-c9b22df40666}</UniqueIdentifier>
    </Filter>
    <Filter Include="synchronization">
      <UniqueIdentifier>{5bf7e347-94ed-42b8-8b67-bea2ca9774d0}</UniqueIdentifier>
    </Filter>
    <Filter Include="extensions">
      <UniqueIdentifier>{4FC737F1-C7A5-4376-A066-2A32D752A2FF}</UniqueIdentifier>
      <Extensions>cpp;c;cc;cxx;def;odl;idl;hpj;bat;asm;asmx</Extensions>
    </Filter>
    <Filter Include="interfaces">
      <UniqueIdentifier>{6507df63-8067-49fb-b648-8fc9561fdb4a}</UniqueIdentifier>
    </Filter>
    <Filter Include="thread">
      <UniqueIdentifier>{cd8f1851-36c4-4b28-8ef5-584793d6c782}</UniqueIdentifier>
    </Filter>
  </ItemGroup>
  <ItemGroup>
    <ClInclude Include="stdafx.h">
      <Filter>Common</Filter>
    </ClInclude>
    <ClInclude Include="targetver.h">
      <Filter>Common</Filter>
    </ClInclude>
  </ItemGroup>
  <ItemGroup>
    <ClCompile Include="test_extensions.cpp">
      <Filter>extensions</Filter>
    </ClCompile>
    <ClCompile Include="stdafx.cpp">
      <Filter>Common</Filter>
    </ClCompile>
    <ClCompile Include="test_sync_thread_pool.cpp">
      <Filter>thread</Filter>
    </ClCompile>
    <ClCompile Include="TestInterfaces.cpp">
      <Filter>interfaces</Filter>
    </ClCompile>
    <ClCompile Include="test_exception.cpp">
      <Filter>exception</Filter>
    </ClCompile>
    <ClCompile Include="test_trace.cpp">
      <Filter>trace</Filter>
    </ClCompile>
    <ClCompile Include="test_lazy.cpp">
      <Filter>extensions</Filter>
    </ClCompile>
    <ClCompile Include="test_finally.cpp">
      <Filter>extensions</Filter>
    </ClCompile>
    <ClCompile Include="test_resource_wrapper.cpp">
      <Filter>storage</Filter>
    </ClCompile>
    <ClCompile Include="test_parameter_pack.cpp">
      <Filter>storage</Filter>
    </ClCompile>
    <ClCompile Include="test_heterogeneous_container.cpp">
      <Filter>storage</Filter>
    </ClCompile>
    <ClCompile Include="test_atomic_concurrent.cpp">
      <Filter>synchronization</Filter>
    </ClCompile>
    <ClCompile Include="test_concurrent.cpp">
      <Filter>synchronization</Filter>
    </ClCompile>
    <ClCompile Include="test_signal.cpp">
      <Filter>synchronization</Filter>
    </ClCompile>
    <ClCompile Include="test_wait_for_multiple_signals.cpp">
      <Filter>synchronization</Filter>
    </ClCompile>
    <ClCompile Include="test_async.cpp">
      <Filter>thread</Filter>
    </ClCompile>
  </ItemGroup>
  <ItemGroup>
    <Text Include="..\done.txt" />
  </ItemGroup>
</Project>